
Microsoft Visual Studio Solution File, Format Version 12.00
# Visual Studio 15
VisualStudioVersion = 15.0.27004.2008
MinimumVisualStudioVersion = 10.0.40219.1
Project("{9A19103F-16F7-4668-BE54-9A1E7A4F7556}") = "Arrays", "ArrayAndList\Arrays.csproj", "{E10E6494-A1DB-4831-A5EC-E3A69CE33150}"
EndProject
Project("{9A19103F-16F7-4668-BE54-9A1E7A4F7556}") = "Question1", "Question1\Question1.csproj", "{AB054E88-FCEA-4A34-86D3-D4BD153E0642}"
EndProject
Project("{9A19103F-16F7-4668-BE54-9A1E7A4F7556}") = "Strings", "Strings\Strings.csproj", "{98D72B1C-C4E6-4FB5-9FB2-BCEF995C08D4}"
EndProject
Project("{9A19103F-16F7-4668-BE54-9A1E7A4F7556}") = "Question2", "Question2\Question2.csproj", "{563C7C2C-E5D1-4C93-99B1-7669BE50D598}"
EndProject
Project("{9A19103F-16F7-4668-BE54-9A1E7A4F7556}") = "TwoDArray", "TwoDArray\TwoDArray.csproj", "{8F0874CF-177C-46DC-A00E-E036EDEA257F}"
EndProject
Project("{9A19103F-16F7-4668-BE54-9A1E7A4F7556}") = "BigO", "BigO\BigO.csproj", "{C3964D3B-FB52-4167-B83D-465125427099}"
EndProject
Project("{9A19103F-16F7-4668-BE54-9A1E7A4F7556}") = "Question3", "Question3\Question3.csproj", "{748B7E32-0E7F-427A-8F5A-C187BE75A2AD}"
EndProject
Project("{9A19103F-16F7-4668-BE54-9A1E7A4F7556}") = "Question4", "Question4\Question4.csproj", "{30159072-EEB1-4338-A3BE-CD4BFEDC5DA1}"
EndProject
Project("{FAE04EC0-301F-11D3-BF4B-00C04F79EFBC}") = "HashTableSample", "HashTableSample\HashTableSample.csproj", "{AD1251FB-91BC-4F49-84BE-EDDDE24EC244}"
EndProject
Project("{FAE04EC0-301F-11D3-BF4B-00C04F79EFBC}") = "Question5", "Question5\Question5.csproj", "{5A6CEDB1-97F7-408E-9B92-B5C2A7B8F318}"
EndProject
Global
	GlobalSection(SolutionConfigurationPlatforms) = preSolution
		Debug|Any CPU = Debug|Any CPU
		Release|Any CPU = Release|Any CPU
	EndGlobalSection
	GlobalSection(ProjectConfigurationPlatforms) = postSolution
		{E10E6494-A1DB-4831-A5EC-E3A69CE33150}.Debug|Any CPU.ActiveCfg = Debug|Any CPU
		{E10E6494-A1DB-4831-A5EC-E3A69CE33150}.Debug|Any CPU.Build.0 = Debug|Any CPU
		{E10E6494-A1DB-4831-A5EC-E3A69CE33150}.Release|Any CPU.ActiveCfg = Release|Any CPU
		{E10E6494-A1DB-4831-A5EC-E3A69CE33150}.Release|Any CPU.Build.0 = Release|Any CPU
		{AB054E88-FCEA-4A34-86D3-D4BD153E0642}.Debug|Any CPU.ActiveCfg = Debug|Any CPU
		{AB054E88-FCEA-4A34-86D3-D4BD153E0642}.Debug|Any CPU.Build.0 = Debug|Any CPU
		{AB054E88-FCEA-4A34-86D3-D4BD153E0642}.Release|Any CPU.ActiveCfg = Release|Any CPU
		{AB054E88-FCEA-4A34-86D3-D4BD153E0642}.Release|Any CPU.Build.0 = Release|Any CPU
		{98D72B1C-C4E6-4FB5-9FB2-BCEF995C08D4}.Debug|Any CPU.ActiveCfg = Debug|Any CPU
		{98D72B1C-C4E6-4FB5-9FB2-BCEF995C08D4}.Debug|Any CPU.Build.0 = Debug|Any CPU
		{98D72B1C-C4E6-4FB5-9FB2-BCEF995C08D4}.Release|Any CPU.ActiveCfg = Release|Any CPU
		{98D72B1C-C4E6-4FB5-9FB2-BCEF995C08D4}.Release|Any CPU.Build.0 = Release|Any CPU
		{563C7C2C-E5D1-4C93-99B1-7669BE50D598}.Debug|Any CPU.ActiveCfg = Debug|Any CPU
		{563C7C2C-E5D1-4C93-99B1-7669BE50D598}.Debug|Any CPU.Build.0 = Debug|Any CPU
		{563C7C2C-E5D1-4C93-99B1-7669BE50D598}.Release|Any CPU.ActiveCfg = Release|Any CPU
		{563C7C2C-E5D1-4C93-99B1-7669BE50D598}.Release|Any CPU.Build.0 = Release|Any CPU
		{8F0874CF-177C-46DC-A00E-E036EDEA257F}.Debug|Any CPU.ActiveCfg = Debug|Any CPU
		{8F0874CF-177C-46DC-A00E-E036EDEA257F}.Debug|Any CPU.Build.0 = Debug|Any CPU
		{8F0874CF-177C-46DC-A00E-E036EDEA257F}.Release|Any CPU.ActiveCfg = Release|Any CPU
		{8F0874CF-177C-46DC-A00E-E036EDEA257F}.Release|Any CPU.Build.0 = Release|Any CPU
		{C3964D3B-FB52-4167-B83D-465125427099}.Debug|Any CPU.ActiveCfg = Debug|Any CPU
		{C3964D3B-FB52-4167-B83D-465125427099}.Debug|Any CPU.Build.0 = Debug|Any CPU
		{C3964D3B-FB52-4167-B83D-465125427099}.Release|Any CPU.ActiveCfg = Release|Any CPU
		{C3964D3B-FB52-4167-B83D-465125427099}.Release|Any CPU.Build.0 = Release|Any CPU
		{748B7E32-0E7F-427A-8F5A-C187BE75A2AD}.Debug|Any CPU.ActiveCfg = Debug|Any CPU
		{748B7E32-0E7F-427A-8F5A-C187BE75A2AD}.Debug|Any CPU.Build.0 = Debug|Any CPU
		{748B7E32-0E7F-427A-8F5A-C187BE75A2AD}.Release|Any CPU.ActiveCfg = Release|Any CPU
		{748B7E32-0E7F-427A-8F5A-C187BE75A2AD}.Release|Any CPU.Build.0 = Release|Any CPU
		{30159072-EEB1-4338-A3BE-CD4BFEDC5DA1}.Debug|Any CPU.ActiveCfg = Debug|Any CPU
		{30159072-EEB1-4338-A3BE-CD4BFEDC5DA1}.Debug|Any CPU.Build.0 = Debug|Any CPU
		{30159072-EEB1-4338-A3BE-CD4BFEDC5DA1}.Release|Any CPU.ActiveCfg = Release|Any CPU
		{30159072-EEB1-4338-A3BE-CD4BFEDC5DA1}.Release|Any CPU.Build.0 = Release|Any CPU
		{AD1251FB-91BC-4F49-84BE-EDDDE24EC244}.Debug|Any CPU.ActiveCfg = Debug|Any CPU
		{AD1251FB-91BC-4F49-84BE-EDDDE24EC244}.Debug|Any CPU.Build.0 = Debug|Any CPU
		{AD1251FB-91BC-4F49-84BE-EDDDE24EC244}.Release|Any CPU.ActiveCfg = Release|Any CPU
		{AD1251FB-91BC-4F49-84BE-EDDDE24EC244}.Release|Any CPU.Build.0 = Release|Any CPU
		{5A6CEDB1-97F7-408E-9B92-B5C2A7B8F318}.Debug|Any CPU.ActiveCfg = Debug|Any CPU
		{5A6CEDB1-97F7-408E-9B92-B5C2A7B8F318}.Debug|Any CPU.Build.0 = Debug|Any CPU
		{5A6CEDB1-97F7-408E-9B92-B5C2A7B8F318}.Release|Any CPU.ActiveCfg = Release|Any CPU
		{5A6CEDB1-97F7-408E-9B92-B5C2A7B8F318}.Release|Any CPU.Build.0 = Release|Any CPU
	EndGlobalSection
	GlobalSection(SolutionProperties) = preSolution
		HideSolutionNode = FALSE
	EndGlobalSection
	GlobalSection(ExtensibilityGlobals) = postSolution
		SolutionGuid = {00898DD6-D7ED-420C-A392-4F36272698D1}
	EndGlobalSection
EndGlobal
