
Microsoft Visual Studio Solution File, Format Version 12.00
# Visual Studio 15
VisualStudioVersion = 15.0.27004.2005
MinimumVisualStudioVersion = 10.0.40219.1
Project("{FAE04EC0-301F-11D3-BF4B-00C04F79EFBC}") = "ArrayAndList", "ArrayAndList\ArrayAndList.csproj", "{E10E6494-A1DB-4831-A5EC-E3A69CE33150}"
EndProject
Project("{FAE04EC0-301F-11D3-BF4B-00C04F79EFBC}") = "Question1", "Question1\Question1.csproj", "{AB054E88-FCEA-4A34-86D3-D4BD153E0642}"
EndProject
Global
	GlobalSection(SolutionConfigurationPlatforms) = preSolution
		Debug|Any CPU = Debug|Any CPU
		Release|Any CPU = Release|Any CPU
	EndGlobalSection
	GlobalSection(ProjectConfigurationPlatforms) = postSolution
		{E10E6494-A1DB-4831-A5EC-E3A69CE33150}.Debug|Any CPU.ActiveCfg = Debug|Any CPU
		{E10E6494-A1DB-4831-A5EC-E3A69CE33150}.Debug|Any CPU.Build.0 = Debug|Any CPU
		{E10E6494-A1DB-4831-A5EC-E3A69CE33150}.Release|Any CPU.ActiveCfg = Release|Any CPU
		{E10E6494-A1DB-4831-A5EC-E3A69CE33150}.Release|Any CPU.Build.0 = Release|Any CPU
		{AB054E88-FCEA-4A34-86D3-D4BD153E0642}.Debug|Any CPU.ActiveCfg = Debug|Any CPU
		{AB054E88-FCEA-4A34-86D3-D4BD153E0642}.Debug|Any CPU.Build.0 = Debug|Any CPU
		{AB054E88-FCEA-4A34-86D3-D4BD153E0642}.Release|Any CPU.ActiveCfg = Release|Any CPU
		{AB054E88-FCEA-4A34-86D3-D4BD153E0642}.Release|Any CPU.Build.0 = Release|Any CPU
	EndGlobalSection
	GlobalSection(SolutionProperties) = preSolution
		HideSolutionNode = FALSE
	EndGlobalSection
	GlobalSection(ExtensibilityGlobals) = postSolution
		SolutionGuid = {00898DD6-D7ED-420C-A392-4F36272698D1}
	EndGlobalSection
EndGlobal
